
Microsoft Visual Studio Solution File, Format Version 12.00
# Visual Studio Version 16
VisualStudioVersion = 16.0.31321.278
MinimumVisualStudioVersion = 10.0.40219.1
Project("{FAE04EC0-301F-11D3-BF4B-00C04F79EFBC}") = "JsonToMySql", "JsonToMySql.csproj", "{AED0D97B-A2BC-4FC9-8E4F-DC94F913B202}"
EndProject
Global
	GlobalSection(SolutionConfigurationPlatforms) = preSolution
		Debug|Any CPU = Debug|Any CPU
		Release|Any CPU = Release|Any CPU
	EndGlobalSection
	GlobalSection(ProjectConfigurationPlatforms) = postSolution
		{AED0D97B-A2BC-4FC9-8E4F-DC94F913B202}.Debug|Any CPU.ActiveCfg = Debug|Any CPU
		{AED0D97B-A2BC-4FC9-8E4F-DC94F913B202}.Debug|Any CPU.Build.0 = Debug|Any CPU
		{AED0D97B-A2BC-4FC9-8E4F-DC94F913B202}.Release|Any CPU.ActiveCfg = Release|Any CPU
		{AED0D97B-A2BC-4FC9-8E4F-DC94F913B202}.Release|Any CPU.Build.0 = Release|Any CPU
	EndGlobalSection
	GlobalSection(SolutionProperties) = preSolution
		HideSolutionNode = FALSE
	EndGlobalSection
	GlobalSection(NestedProjects) = preSolution
		{AED0D97B-A2BC-4FC9-8E4F-DC94F913B202} = {26AEC8EA-C1D4-48F7-8383-5116D10E7CE3}
	EndGlobalSection
	GlobalSection(ExtensibilityGlobals) = postSolution
		SolutionGuid = {BE0F9D6E-D2E3-4F00-B6DF-D15958D217A2}
	EndGlobalSection
EndGlobal
